<?xml version="1.0" encoding="utf-8"?>
<Project ToolsVersion="4.0" xmlns="http://schemas.microsoft.com/developer/msbuild/2003">
  <ItemGroup>
    <Filter Include="Lumos">
      <UniqueIdentifier>{354DA00D-A161-C8BE-6AE3-6B1ED6B6C4EF}</UniqueIdentifier>
    </Filter>
  </ItemGroup>
  <ItemGroup>
    <ClInclude Include="src\Lumos.h" />
    <ClInclude Include="src\Lumos\Application.h">
      <Filter>Lumos</Filter>
    </ClInclude>
    <ClInclude Include="src\Lumos\Core.h">
      <Filter>Lumos</Filter>
    </ClInclude>
    <ClInclude Include="src\Lumos\EntryPoint.h">
      <Filter>Lumos</Filter>
    </ClInclude>
  </ItemGroup>
  <ItemGroup>
    <ClCompile Include="src\Lumos\Application.cpp">
      <Filter>Lumos</Filter>
    </ClCompile>
  </ItemGroup>
</Project>